
Microsoft Visual Studio Solution File, Format Version 12.00
# Visual Studio Version 17
VisualStudioVersion = 17.4.33122.133
MinimumVisualStudioVersion = 10.0.40219.1
Project("{9A19103F-16F7-4668-BE54-9A1E7A4F7556}") = "GymSite.Domain", "GymSite.Domain\GymSite.Domain.csproj", "{3B1B7D39-5C3F-445A-B9B2-321CDF0D8EAB}"
EndProject
Project("{9A19103F-16F7-4668-BE54-9A1E7A4F7556}") = "GymSite.Database", "GymSite.Database\GymSite.Database.csproj", "{703F7C07-BE0F-4118-9B13-1744BAD336E2}"
EndProject
Project("{9A19103F-16F7-4668-BE54-9A1E7A4F7556}") = "GymSite.Application", "GymSite.Application\GymSite.Application.csproj", "{FC13D380-F1A0-4AA6-BFAF-0AB38F289254}"
EndProject
Project("{9A19103F-16F7-4668-BE54-9A1E7A4F7556}") = "GymSite.Models", "GymSite.Models\GymSite.Models.csproj", "{94B85C24-0117-4189-B40E-DE5E786420E0}"
EndProject
Project("{9A19103F-16F7-4668-BE54-9A1E7A4F7556}") = "GymSite.Tests.Unit", "GymSite.Tests.Unit\GymSite.Tests.Unit.csproj", "{48B55B60-7397-4E9A-899C-76EE071BE2E5}"
EndProject
Project("{9A19103F-16F7-4668-BE54-9A1E7A4F7556}") = "GymSite.Api", "GymSite.Api\GymSite.Api.csproj", "{A756A182-074B-4057-AA5F-C38228D35A2B}"
EndProject
Project("{54A90642-561A-4BB1-A94E-469ADEE60C69}") = "gymsite-ui", "gymsite-ui\gymsite-ui.esproj", "{1C457CF0-B924-46BB-BF04-FF6AF2FB83AD}"
EndProject
Global
	GlobalSection(SolutionConfigurationPlatforms) = preSolution
		Debug|Any CPU = Debug|Any CPU
		Release|Any CPU = Release|Any CPU
	EndGlobalSection
	GlobalSection(ProjectConfigurationPlatforms) = postSolution
		{3B1B7D39-5C3F-445A-B9B2-321CDF0D8EAB}.Debug|Any CPU.ActiveCfg = Debug|Any CPU
		{3B1B7D39-5C3F-445A-B9B2-321CDF0D8EAB}.Debug|Any CPU.Build.0 = Debug|Any CPU
		{3B1B7D39-5C3F-445A-B9B2-321CDF0D8EAB}.Release|Any CPU.ActiveCfg = Release|Any CPU
		{3B1B7D39-5C3F-445A-B9B2-321CDF0D8EAB}.Release|Any CPU.Build.0 = Release|Any CPU
		{703F7C07-BE0F-4118-9B13-1744BAD336E2}.Debug|Any CPU.ActiveCfg = Debug|Any CPU
		{703F7C07-BE0F-4118-9B13-1744BAD336E2}.Debug|Any CPU.Build.0 = Debug|Any CPU
		{703F7C07-BE0F-4118-9B13-1744BAD336E2}.Release|Any CPU.ActiveCfg = Release|Any CPU
		{703F7C07-BE0F-4118-9B13-1744BAD336E2}.Release|Any CPU.Build.0 = Release|Any CPU
		{FC13D380-F1A0-4AA6-BFAF-0AB38F289254}.Debug|Any CPU.ActiveCfg = Debug|Any CPU
		{FC13D380-F1A0-4AA6-BFAF-0AB38F289254}.Debug|Any CPU.Build.0 = Debug|Any CPU
		{FC13D380-F1A0-4AA6-BFAF-0AB38F289254}.Release|Any CPU.ActiveCfg = Release|Any CPU
		{FC13D380-F1A0-4AA6-BFAF-0AB38F289254}.Release|Any CPU.Build.0 = Release|Any CPU
		{94B85C24-0117-4189-B40E-DE5E786420E0}.Debug|Any CPU.ActiveCfg = Debug|Any CPU
		{94B85C24-0117-4189-B40E-DE5E786420E0}.Debug|Any CPU.Build.0 = Debug|Any CPU
		{94B85C24-0117-4189-B40E-DE5E786420E0}.Release|Any CPU.ActiveCfg = Release|Any CPU
		{94B85C24-0117-4189-B40E-DE5E786420E0}.Release|Any CPU.Build.0 = Release|Any CPU
		{48B55B60-7397-4E9A-899C-76EE071BE2E5}.Debug|Any CPU.ActiveCfg = Debug|Any CPU
		{48B55B60-7397-4E9A-899C-76EE071BE2E5}.Debug|Any CPU.Build.0 = Debug|Any CPU
		{48B55B60-7397-4E9A-899C-76EE071BE2E5}.Release|Any CPU.ActiveCfg = Release|Any CPU
		{48B55B60-7397-4E9A-899C-76EE071BE2E5}.Release|Any CPU.Build.0 = Release|Any CPU
		{A756A182-074B-4057-AA5F-C38228D35A2B}.Debug|Any CPU.ActiveCfg = Debug|Any CPU
		{A756A182-074B-4057-AA5F-C38228D35A2B}.Debug|Any CPU.Build.0 = Debug|Any CPU
		{A756A182-074B-4057-AA5F-C38228D35A2B}.Release|Any CPU.ActiveCfg = Release|Any CPU
		{A756A182-074B-4057-AA5F-C38228D35A2B}.Release|Any CPU.Build.0 = Release|Any CPU
		{1C457CF0-B924-46BB-BF04-FF6AF2FB83AD}.Debug|Any CPU.ActiveCfg = Debug|Any CPU
		{1C457CF0-B924-46BB-BF04-FF6AF2FB83AD}.Debug|Any CPU.Build.0 = Debug|Any CPU
		{1C457CF0-B924-46BB-BF04-FF6AF2FB83AD}.Debug|Any CPU.Deploy.0 = Debug|Any CPU
		{1C457CF0-B924-46BB-BF04-FF6AF2FB83AD}.Release|Any CPU.ActiveCfg = Release|Any CPU
		{1C457CF0-B924-46BB-BF04-FF6AF2FB83AD}.Release|Any CPU.Build.0 = Release|Any CPU
		{1C457CF0-B924-46BB-BF04-FF6AF2FB83AD}.Release|Any CPU.Deploy.0 = Release|Any CPU
	EndGlobalSection
	GlobalSection(SolutionProperties) = preSolution
		HideSolutionNode = FALSE
	EndGlobalSection
	GlobalSection(ExtensibilityGlobals) = postSolution
		SolutionGuid = {83269636-F398-47FA-A2C0-61A65D5CB429}
	EndGlobalSection
EndGlobal
