{
  "name": "GymSite",
  "lockfileVersion": 2,
  "requires": true,
  "packages": {
    "": {
      "dependencies": {
        "bulma": "^0.9.4",
        "bulmaswatch": "^0.8.1"
      }
    },
    "node_modules/bulma": {
      "version": "0.9.4",
      "resolved": "https://registry.npmjs.org/bulma/-/bulma-0.9.4.tgz",
      "integrity": "sha512-86FlT5+1GrsgKbPLRRY7cGDg8fsJiP/jzTqXXVqiUZZ2aZT8uemEOHlU1CDU+TxklPEZ11HZNNWclRBBecP4CQ=="
    },
    "node_modules/bulmaswatch": {
      "version": "0.8.1",
      "resolved": "https://registry.npmjs.org/bulmaswatch/-/bulmaswatch-0.8.1.tgz",
      "integrity": "sha512-7HGm5v9If6gzxbTht4/oVS0dhySp6g/JyTrxmpSXHXgDQXivvxiuVmcJOZo3PFv9GAOn4om7SK36I2V8W81sgw=="
    }
  },
  "dependencies": {
    "bulma": {
      "version": "0.9.4",
      "resolved": "https://registry.npmjs.org/bulma/-/bulma-0.9.4.tgz",
      "integrity": "sha512-86FlT5+1GrsgKbPLRRY7cGDg8fsJiP/jzTqXXVqiUZZ2aZT8uemEOHlU1CDU+TxklPEZ11HZNNWclRBBecP4CQ=="
    },
    "bulmaswatch": {
      "version": "0.8.1",
      "resolved": "https://registry.npmjs.org/bulmaswatch/-/bulmaswatch-0.8.1.tgz",
      "integrity": "sha512-7HGm5v9If6gzxbTht4/oVS0dhySp6g/JyTrxmpSXHXgDQXivvxiuVmcJOZo3PFv9GAOn4om7SK36I2V8W81sgw=="
    }
  }
}
